
Microsoft Visual Studio Solution File, Format Version 12.00
# Visual Studio Version 16
VisualStudioVersion = 16.0.31702.278
MinimumVisualStudioVersion = 10.0.40219.1
Project("{FAE04EC0-301F-11D3-BF4B-00C04F79EFBC}") = "OpenTKGuion", "OpenTKGuion\OpenTKGuion.csproj", "{C648D3F9-9616-4FB4-AB95-C5D38FCCDEDA}"
EndProject
Global
	GlobalSection(SolutionConfigurationPlatforms) = preSolution
		Debug|Any CPU = Debug|Any CPU
		Release|Any CPU = Release|Any CPU
	EndGlobalSection
	GlobalSection(ProjectConfigurationPlatforms) = postSolution
		{C648D3F9-9616-4FB4-AB95-C5D38FCCDEDA}.Debug|Any CPU.ActiveCfg = Debug|Any CPU
		{C648D3F9-9616-4FB4-AB95-C5D38FCCDEDA}.Debug|Any CPU.Build.0 = Debug|Any CPU
		{C648D3F9-9616-4FB4-AB95-C5D38FCCDEDA}.Release|Any CPU.ActiveCfg = Release|Any CPU
		{C648D3F9-9616-4FB4-AB95-C5D38FCCDEDA}.Release|Any CPU.Build.0 = Release|Any CPU
	EndGlobalSection
	GlobalSection(SolutionProperties) = preSolution
		HideSolutionNode = FALSE
	EndGlobalSection
	GlobalSection(ExtensibilityGlobals) = postSolution
		SolutionGuid = {E7CC9C63-DDE3-4C15-877B-23AE76B5628E}
	EndGlobalSection
EndGlobal
